// !$*UTF8*$!
{
	archiveVersion = 1;
	classes = {
	};
	objectVersion = 46;
	objects = {

/* Begin PBXBuildFile section */
		254C03A10EF3EE40ACDC9065 /* Pods_Ness_Coding_TestTests.framework in Frameworks */ = {isa = PBXBuildFile; fileRef = 5F9D52819F018136669EA661 /* Pods_Ness_Coding_TestTests.framework */; };
		4E2715812698F152E27FFD7F /* Pods_Ness_Coding_Test.framework in Frameworks */ = {isa = PBXBuildFile; fileRef = E91313BF26D0FE27D1FB4BFE /* Pods_Ness_Coding_Test.framework */; };
		5160DA941F32834900373FEF /* AppDelegate.swift in Sources */ = {isa = PBXBuildFile; fileRef = 5160DA931F32834900373FEF /* AppDelegate.swift */; };
		5160DA961F32834900373FEF /* FetchViewController.swift in Sources */ = {isa = PBXBuildFile; fileRef = 5160DA951F32834900373FEF /* FetchViewController.swift */; };
		5160DA991F32834900373FEF /* Main.storyboard in Resources */ = {isa = PBXBuildFile; fileRef = 5160DA971F32834900373FEF /* Main.storyboard */; };
		5160DA9C1F32834900373FEF /* Ness_Coding_Test.xcdatamodeld in Sources */ = {isa = PBXBuildFile; fileRef = 5160DA9A1F32834900373FEF /* Ness_Coding_Test.xcdatamodeld */; };
		5160DA9E1F32834900373FEF /* Assets.xcassets in Resources */ = {isa = PBXBuildFile; fileRef = 5160DA9D1F32834900373FEF /* Assets.xcassets */; };
		5160DAA11F32834900373FEF /* LaunchScreen.storyboard in Resources */ = {isa = PBXBuildFile; fileRef = 5160DA9F1F32834900373FEF /* LaunchScreen.storyboard */; };
		5160DAAC1F32834900373FEF /* Ness_Coding_TestTests.swift in Sources */ = {isa = PBXBuildFile; fileRef = 5160DAAB1F32834900373FEF /* Ness_Coding_TestTests.swift */; };
		5160DAB71F32834900373FEF /* Ness_Coding_TestUITests.swift in Sources */ = {isa = PBXBuildFile; fileRef = 5160DAB61F32834900373FEF /* Ness_Coding_TestUITests.swift */; };
		5160DAC81F32859C00373FEF /* PersonProfile.swift in Sources */ = {isa = PBXBuildFile; fileRef = 5160DAC71F32859C00373FEF /* PersonProfile.swift */; };
		5160DACA1F32870D00373FEF /* ProfileViewModel.swift in Sources */ = {isa = PBXBuildFile; fileRef = 5160DAC91F32870D00373FEF /* ProfileViewModel.swift */; };
		5160DACC1F32880600373FEF /* PersonsListViewController.swift in Sources */ = {isa = PBXBuildFile; fileRef = 5160DACB1F32880600373FEF /* PersonsListViewController.swift */; };
		AD84F1F93D958E1B32806B43 /* Pods_Ness_Coding_TestUITests.framework in Frameworks */ = {isa = PBXBuildFile; fileRef = A6DFA800E23C77FBB51D2120 /* Pods_Ness_Coding_TestUITests.framework */; };
/* End PBXBuildFile section */

/* Begin PBXContainerItemProxy section */
		5160DAA81F32834900373FEF /* PBXContainerItemProxy */ = {
			isa = PBXContainerItemProxy;
			containerPortal = 5160DA881F32834900373FEF /* Project object */;
			proxyType = 1;
			remoteGlobalIDString = 5160DA8F1F32834900373FEF;
			remoteInfo = "Ness Coding Test";
		};
		5160DAB31F32834900373FEF /* PBXContainerItemProxy */ = {
			isa = PBXContainerItemProxy;
			containerPortal = 5160DA881F32834900373FEF /* Project object */;
			proxyType = 1;
			remoteGlobalIDString = 5160DA8F1F32834900373FEF;
			remoteInfo = "Ness Coding Test";
		};
/* End PBXContainerItemProxy section */

/* Begin PBXFileReference section */
		00A19FB608E6E5B2324979C5 /* Pods-Ness Coding TestTests.debug.xcconfig */ = {isa = PBXFileReference; includeInIndex = 1; lastKnownFileType = text.xcconfig; name = "Pods-Ness Coding TestTests.debug.xcconfig"; path = "Pods/Target Support Files/Pods-Ness Coding TestTests/Pods-Ness Coding TestTests.debug.xcconfig"; sourceTree = "<group>"; };
		04E67E780500D7C70D3CB3B2 /* Pods-Ness Coding Test.debug.xcconfig */ = {isa = PBXFileReference; includeInIndex = 1; lastKnownFileType = text.xcconfig; name = "Pods-Ness Coding Test.debug.xcconfig"; path = "Pods/Target Support Files/Pods-Ness Coding Test/Pods-Ness Coding Test.debug.xcconfig"; sourceTree = "<group>"; };
		0678B8C2AFDD063022A89A36 /* Pods-Ness Coding Test.release.xcconfig */ = {isa = PBXFileReference; includeInIndex = 1; lastKnownFileType = text.xcconfig; name = "Pods-Ness Coding Test.release.xcconfig"; path = "Pods/Target Support Files/Pods-Ness Coding Test/Pods-Ness Coding Test.release.xcconfig"; sourceTree = "<group>"; };
		5160DA901F32834900373FEF /* Ness Coding Test.app */ = {isa = PBXFileReference; explicitFileType = wrapper.application; includeInIndex = 0; path = "Ness Coding Test.app"; sourceTree = BUILT_PRODUCTS_DIR; };
		5160DA931F32834900373FEF /* AppDelegate.swift */ = {isa = PBXFileReference; lastKnownFileType = sourcecode.swift; path = AppDelegate.swift; sourceTree = "<group>"; };
		5160DA951F32834900373FEF /* FetchViewController.swift */ = {isa = PBXFileReference; lastKnownFileType = sourcecode.swift; path = FetchViewController.swift; sourceTree = "<group>"; };
		5160DA981F32834900373FEF /* Base */ = {isa = PBXFileReference; lastKnownFileType = file.storyboard; name = Base; path = Base.lproj/Main.storyboard; sourceTree = "<group>"; };
		5160DA9B1F32834900373FEF /* Ness_Coding_Test.xcdatamodel */ = {isa = PBXFileReference; lastKnownFileType = wrapper.xcdatamodel; path = Ness_Coding_Test.xcdatamodel; sourceTree = "<group>"; };
		5160DA9D1F32834900373FEF /* Assets.xcassets */ = {isa = PBXFileReference; lastKnownFileType = folder.assetcatalog; path = Assets.xcassets; sourceTree = "<group>"; };
		5160DAA01F32834900373FEF /* Base */ = {isa = PBXFileReference; lastKnownFileType = file.storyboard; name = Base; path = Base.lproj/LaunchScreen.storyboard; sourceTree = "<group>"; };
		5160DAA21F32834900373FEF /* Info.plist */ = {isa = PBXFileReference; lastKnownFileType = text.plist.xml; path = Info.plist; sourceTree = "<group>"; };
		5160DAA71F32834900373FEF /* Ness Coding TestTests.xctest */ = {isa = PBXFileReference; explicitFileType = wrapper.cfbundle; includeInIndex = 0; path = "Ness Coding TestTests.xctest"; sourceTree = BUILT_PRODUCTS_DIR; };
		5160DAAB1F32834900373FEF /* Ness_Coding_TestTests.swift */ = {isa = PBXFileReference; lastKnownFileType = sourcecode.swift; path = Ness_Coding_TestTests.swift; sourceTree = "<group>"; };
		5160DAAD1F32834900373FEF /* Info.plist */ = {isa = PBXFileReference; lastKnownFileType = text.plist.xml; path = Info.plist; sourceTree = "<group>"; };
		5160DAB21F32834900373FEF /* Ness Coding TestUITests.xctest */ = {isa = PBXFileReference; explicitFileType = wrapper.cfbundle; includeInIndex = 0; path = "Ness Coding TestUITests.xctest"; sourceTree = BUILT_PRODUCTS_DIR; };
		5160DAB61F32834900373FEF /* Ness_Coding_TestUITests.swift */ = {isa = PBXFileReference; lastKnownFileType = sourcecode.swift; path = Ness_Coding_TestUITests.swift; sourceTree = "<group>"; };
		5160DAB81F32834900373FEF /* Info.plist */ = {isa = PBXFileReference; lastKnownFileType = text.plist.xml; path = Info.plist; sourceTree = "<group>"; };
		5160DAC71F32859C00373FEF /* PersonProfile.swift */ = {isa = PBXFileReference; fileEncoding = 4; lastKnownFileType = sourcecode.swift; path = PersonProfile.swift; sourceTree = "<group>"; };
		5160DAC91F32870D00373FEF /* ProfileViewModel.swift */ = {isa = PBXFileReference; fileEncoding = 4; lastKnownFileType = sourcecode.swift; path = ProfileViewModel.swift; sourceTree = "<group>"; };
		5160DACB1F32880600373FEF /* PersonsListViewController.swift */ = {isa = PBXFileReference; fileEncoding = 4; lastKnownFileType = sourcecode.swift; path = PersonsListViewController.swift; sourceTree = "<group>"; };
		5F9D52819F018136669EA661 /* Pods_Ness_Coding_TestTests.framework */ = {isa = PBXFileReference; explicitFileType = wrapper.framework; includeInIndex = 0; path = Pods_Ness_Coding_TestTests.framework; sourceTree = BUILT_PRODUCTS_DIR; };
		9FEE9290D596E99D478E10BA /* Pods-Ness Coding TestTests.release.xcconfig */ = {isa = PBXFileReference; includeInIndex = 1; lastKnownFileType = text.xcconfig; name = "Pods-Ness Coding TestTests.release.xcconfig"; path = "Pods/Target Support Files/Pods-Ness Coding TestTests/Pods-Ness Coding TestTests.release.xcconfig"; sourceTree = "<group>"; };
		A6DFA800E23C77FBB51D2120 /* Pods_Ness_Coding_TestUITests.framework */ = {isa = PBXFileReference; explicitFileType = wrapper.framework; includeInIndex = 0; path = Pods_Ness_Coding_TestUITests.framework; sourceTree = BUILT_PRODUCTS_DIR; };
		BA479A5AAFD12CEE496DC876 /* Pods-Ness Coding TestUITests.debug.xcconfig */ = {isa = PBXFileReference; includeInIndex = 1; lastKnownFileType = text.xcconfig; name = "Pods-Ness Coding TestUITests.debug.xcconfig"; path = "Pods/Target Support Files/Pods-Ness Coding TestUITests/Pods-Ness Coding TestUITests.debug.xcconfig"; sourceTree = "<group>"; };
		E91313BF26D0FE27D1FB4BFE /* Pods_Ness_Coding_Test.framework */ = {isa = PBXFileReference; explicitFileType = wrapper.framework; includeInIndex = 0; path = Pods_Ness_Coding_Test.framework; sourceTree = BUILT_PRODUCTS_DIR; };
		FA564C8AC0D2BA87F5E69A49 /* Pods-Ness Coding TestUITests.release.xcconfig */ = {isa = PBXFileReference; includeInIndex = 1; lastKnownFileType = text.xcconfig; name = "Pods-Ness Coding TestUITests.release.xcconfig"; path = "Pods/Target Support Files/Pods-Ness Coding TestUITests/Pods-Ness Coding TestUITests.release.xcconfig"; sourceTree = "<group>"; };
/* End PBXFileReference section */

/* Begin PBXFrameworksBuildPhase section */
		5160DA8D1F32834900373FEF /* Frameworks */ = {
			isa = PBXFrameworksBuildPhase;
			buildActionMask = 2147483647;
			files = (
				4E2715812698F152E27FFD7F /* Pods_Ness_Coding_Test.framework in Frameworks */,
			);
			runOnlyForDeploymentPostprocessing = 0;
		};
		5160DAA41F32834900373FEF /* Frameworks */ = {
			isa = PBXFrameworksBuildPhase;
			buildActionMask = 2147483647;
			files = (
				254C03A10EF3EE40ACDC9065 /* Pods_Ness_Coding_TestTests.framework in Frameworks */,
			);
			runOnlyForDeploymentPostprocessing = 0;
		};
		5160DAAF1F32834900373FEF /* Frameworks */ = {
			isa = PBXFrameworksBuildPhase;
			buildActionMask = 2147483647;
			files = (
				AD84F1F93D958E1B32806B43 /* Pods_Ness_Coding_TestUITests.framework in Frameworks */,
			);
			runOnlyForDeploymentPostprocessing = 0;
		};
/* End PBXFrameworksBuildPhase section */

/* Begin PBXGroup section */
		5160DA871F32834900373FEF = {
			isa = PBXGroup;
			children = (
				5160DA921F32834900373FEF /* Ness Coding Test */,
				5160DAAA1F32834900373FEF /* Ness Coding TestTests */,
				5160DAB51F32834900373FEF /* Ness Coding TestUITests */,
				5160DA911F32834900373FEF /* Products */,
				CE6E38C80FD34CD805F307B4 /* Pods */,
				6A4EBF177BECD4A932B6C1ED /* Frameworks */,
			);
			sourceTree = "<group>";
		};
		5160DA911F32834900373FEF /* Products */ = {
			isa = PBXGroup;
			children = (
				5160DA901F32834900373FEF /* Ness Coding Test.app */,
				5160DAA71F32834900373FEF /* Ness Coding TestTests.xctest */,
				5160DAB21F32834900373FEF /* Ness Coding TestUITests.xctest */,
			);
			name = Products;
			sourceTree = "<group>";
		};
		5160DA921F32834900373FEF /* Ness Coding Test */ = {
			isa = PBXGroup;
			children = (
				5160DAC61F32854700373FEF /* ViewModel */,
				5160DAC41F3284DB00373FEF /* Model */,
				5160DAC51F32853C00373FEF /* View */,
				5160DA931F32834900373FEF /* AppDelegate.swift */,
				5160DA971F32834900373FEF /* Main.storyboard */,
				5160DA9D1F32834900373FEF /* Assets.xcassets */,
				5160DA9F1F32834900373FEF /* LaunchScreen.storyboard */,
				5160DAA21F32834900373FEF /* Info.plist */,
				5160DA9A1F32834900373FEF /* Ness_Coding_Test.xcdatamodeld */,
			);
			path = "Ness Coding Test";
			sourceTree = "<group>";
		};
		5160DAAA1F32834900373FEF /* Ness Coding TestTests */ = {
			isa = PBXGroup;
			children = (
				5160DAAB1F32834900373FEF /* Ness_Coding_TestTests.swift */,
				5160DAAD1F32834900373FEF /* Info.plist */,
			);
			path = "Ness Coding TestTests";
			sourceTree = "<group>";
		};
		5160DAB51F32834900373FEF /* Ness Coding TestUITests */ = {
			isa = PBXGroup;
			children = (
				5160DAB61F32834900373FEF /* Ness_Coding_TestUITests.swift */,
				5160DAB81F32834900373FEF /* Info.plist */,
			);
			path = "Ness Coding TestUITests";
			sourceTree = "<group>";
		};
		5160DAC41F3284DB00373FEF /* Model */ = {
			isa = PBXGroup;
			children = (
				5160DAC71F32859C00373FEF /* PersonProfile.swift */,
			);
			name = Model;
			sourceTree = "<group>";
		};
		5160DAC51F32853C00373FEF /* View */ = {
			isa = PBXGroup;
			children = (
				5160DA951F32834900373FEF /* FetchViewController.swift */,
				5160DACB1F32880600373FEF /* PersonsListViewController.swift */,
			);
			name = View;
			sourceTree = "<group>";
		};
		5160DAC61F32854700373FEF /* ViewModel */ = {
			isa = PBXGroup;
			children = (
				5160DAC91F32870D00373FEF /* ProfileViewModel.swift */,
			);
			name = ViewModel;
			sourceTree = "<group>";
		};
		6A4EBF177BECD4A932B6C1ED /* Frameworks */ = {
			isa = PBXGroup;
			children = (
				E91313BF26D0FE27D1FB4BFE /* Pods_Ness_Coding_Test.framework */,
				5F9D52819F018136669EA661 /* Pods_Ness_Coding_TestTests.framework */,
				A6DFA800E23C77FBB51D2120 /* Pods_Ness_Coding_TestUITests.framework */,
			);
			name = Frameworks;
			sourceTree = "<group>";
		};
		CE6E38C80FD34CD805F307B4 /* Pods */ = {
			isa = PBXGroup;
			children = (
				04E67E780500D7C70D3CB3B2 /* Pods-Ness Coding Test.debug.xcconfig */,
				0678B8C2AFDD063022A89A36 /* Pods-Ness Coding Test.release.xcconfig */,
				00A19FB608E6E5B2324979C5 /* Pods-Ness Coding TestTests.debug.xcconfig */,
				9FEE9290D596E99D478E10BA /* Pods-Ness Coding TestTests.release.xcconfig */,
				BA479A5AAFD12CEE496DC876 /* Pods-Ness Coding TestUITests.debug.xcconfig */,
				FA564C8AC0D2BA87F5E69A49 /* Pods-Ness Coding TestUITests.release.xcconfig */,
			);
			name = Pods;
			sourceTree = "<group>";
		};
/* End PBXGroup section */

/* Begin PBXNativeTarget section */
		5160DA8F1F32834900373FEF /* Ness Coding Test */ = {
			isa = PBXNativeTarget;
			buildConfigurationList = 5160DABB1F32834900373FEF /* Build configuration list for PBXNativeTarget "Ness Coding Test" */;
			buildPhases = (
				96162DD29835AC2D73BCDB06 /* [CP] Check Pods Manifest.lock */,
				5160DA8C1F32834900373FEF /* Sources */,
				5160DA8D1F32834900373FEF /* Frameworks */,
				5160DA8E1F32834900373FEF /* Resources */,
				2DA79767B91E2BA86AEAF3C4 /* [CP] Embed Pods Frameworks */,
				00E25AD5FCC58A26D4BF244A /* [CP] Copy Pods Resources */,
			);
			buildRules = (
			);
			dependencies = (
			);
			name = "Ness Coding Test";
			productName = "Ness Coding Test";
			productReference = 5160DA901F32834900373FEF /* Ness Coding Test.app */;
			productType = "com.apple.product-type.application";
		};
		5160DAA61F32834900373FEF /* Ness Coding TestTests */ = {
			isa = PBXNativeTarget;
			buildConfigurationList = 5160DABE1F32834900373FEF /* Build configuration list for PBXNativeTarget "Ness Coding TestTests" */;
			buildPhases = (
				6DBBCB9BDAF9F038F6523287 /* [CP] Check Pods Manifest.lock */,
				5160DAA31F32834900373FEF /* Sources */,
				5160DAA41F32834900373FEF /* Frameworks */,
				5160DAA51F32834900373FEF /* Resources */,
				19A4A245109A4D9FA21EF713 /* [CP] Embed Pods Frameworks */,
				7692768650C0E0DBF7115209 /* [CP] Copy Pods Resources */,
			);
			buildRules = (
			);
			dependencies = (
				5160DAA91F32834900373FEF /* PBXTargetDependency */,
			);
			name = "Ness Coding TestTests";
			productName = "Ness Coding TestTests";
			productReference = 5160DAA71F32834900373FEF /* Ness Coding TestTests.xctest */;
			productType = "com.apple.product-type.bundle.unit-test";
		};
		5160DAB11F32834900373FEF /* Ness Coding TestUITests */ = {
			isa = PBXNativeTarget;
			buildConfigurationList = 5160DAC11F32834900373FEF /* Build configuration list for PBXNativeTarget "Ness Coding TestUITests" */;
			buildPhases = (
				1C0B7AC0AD09AD9670534D3D /* [CP] Check Pods Manifest.lock */,
				5160DAAE1F32834900373FEF /* Sources */,
				5160DAAF1F32834900373FEF /* Frameworks */,
				5160DAB01F32834900373FEF /* Resources */,
				57F02B03AF596A3483528405 /* [CP] Embed Pods Frameworks */,
				71B516BAC76D67F1EA0A50AA /* [CP] Copy Pods Resources */,
			);
			buildRules = (
			);
			dependencies = (
				5160DAB41F32834900373FEF /* PBXTargetDependency */,
			);
			name = "Ness Coding TestUITests";
			productName = "Ness Coding TestUITests";
			productReference = 5160DAB21F32834900373FEF /* Ness Coding TestUITests.xctest */;
			productType = "com.apple.product-type.bundle.ui-testing";
		};
/* End PBXNativeTarget section */

/* Begin PBXProject section */
		5160DA881F32834900373FEF /* Project object */ = {
			isa = PBXProject;
			attributes = {
				LastSwiftUpdateCheck = 0830;
				LastUpgradeCheck = 0830;
				ORGANIZATIONNAME = Vignan;
				TargetAttributes = {
					5160DA8F1F32834900373FEF = {
						CreatedOnToolsVersion = 8.3.3;
						DevelopmentTeam = KCK9TD9947;
						ProvisioningStyle = Automatic;
					};
					5160DAA61F32834900373FEF = {
						CreatedOnToolsVersion = 8.3.3;
						DevelopmentTeam = KCK9TD9947;
						ProvisioningStyle = Automatic;
						TestTargetID = 5160DA8F1F32834900373FEF;
					};
					5160DAB11F32834900373FEF = {
						CreatedOnToolsVersion = 8.3.3;
						DevelopmentTeam = KCK9TD9947;
						ProvisioningStyle = Automatic;
						TestTargetID = 5160DA8F1F32834900373FEF;
					};
				};
			};
			buildConfigurationList = 5160DA8B1F32834900373FEF /* Build configuration list for PBXProject "Ness Coding Test" */;
			compatibilityVersion = "Xcode 3.2";
			developmentRegion = English;
			hasScannedForEncodings = 0;
			knownRegions = (
				en,
				Base,
			);
			mainGroup = 5160DA871F32834900373FEF;
			productRefGroup = 5160DA911F32834900373FEF /* Products */;
			projectDirPath = "";
			projectRoot = "";
			targets = (
				5160DA8F1F32834900373FEF /* Ness Coding Test */,
				5160DAA61F32834900373FEF /* Ness Coding TestTests */,
				5160DAB11F32834900373FEF /* Ness Coding TestUITests */,
			);
		};
/* End PBXProject section */

/* Begin PBXResourcesBuildPhase section */
		5160DA8E1F32834900373FEF /* Resources */ = {
			isa = PBXResourcesBuildPhase;
			buildActionMask = 2147483647;
			files = (
				5160DAA11F32834900373FEF /* LaunchScreen.storyboard in Resources */,
				5160DA9E1F32834900373FEF /* Assets.xcassets in Resources */,
				5160DA991F32834900373FEF /* Main.storyboard in Resources */,
			);
			runOnlyForDeploymentPostprocessing = 0;
		};
		5160DAA51F32834900373FEF /* Resources */ = {
			isa = PBXResourcesBuildPhase;
			buildActionMask = 2147483647;
			files = (
			);
			runOnlyForDeploymentPostprocessing = 0;
		};
		5160DAB01F32834900373FEF /* Resources */ = {
			isa = PBXResourcesBuildPhase;
			buildActionMask = 2147483647;
			files = (
			);
			runOnlyForDeploymentPostprocessing = 0;
		};
/* End PBXResourcesBuildPhase section */

/* Begin PBXShellScriptBuildPhase section */
		00E25AD5FCC58A26D4BF244A /* [CP] Copy Pods Resources */ = {
			isa = PBXShellScriptBuildPhase;
			buildActionMask = 2147483647;
			files = (
			);
			inputPaths = (
			);
			name = "[CP] Copy Pods Resources";
			outputPaths = (
			);
			runOnlyForDeploymentPostprocessing = 0;
			shellPath = /bin/sh;
			shellScript = "\"${SRCROOT}/Pods/Target Support Files/Pods-Ness Coding Test/Pods-Ness Coding Test-resources.sh\"\n";
			showEnvVarsInLog = 0;
		};
		19A4A245109A4D9FA21EF713 /* [CP] Embed Pods Frameworks */ = {
			isa = PBXShellScriptBuildPhase;
			buildActionMask = 2147483647;
			files = (
			);
			inputPaths = (
			);
			name = "[CP] Embed Pods Frameworks";
			outputPaths = (
			);
			runOnlyForDeploymentPostprocessing = 0;
			shellPath = /bin/sh;
			shellScript = "\"${SRCROOT}/Pods/Target Support Files/Pods-Ness Coding TestTests/Pods-Ness Coding TestTests-frameworks.sh\"\n";
			showEnvVarsInLog = 0;
		};
		1C0B7AC0AD09AD9670534D3D /* [CP] Check Pods Manifest.lock */ = {
			isa = PBXShellScriptBuildPhase;
			buildActionMask = 2147483647;
			files = (
			);
			inputPaths = (
			);
			name = "[CP] Check Pods Manifest.lock";
			outputPaths = (
			);
			runOnlyForDeploymentPostprocessing = 0;
			shellPath = /bin/sh;
			shellScript = "diff \"${PODS_ROOT}/../Podfile.lock\" \"${PODS_ROOT}/Manifest.lock\" > /dev/null\nif [ $? != 0 ] ; then\n    # print error to STDERR\n    echo \"error: The sandbox is not in sync with the Podfile.lock. Run 'pod install' or update your CocoaPods installation.\" >&2\n    exit 1\nfi\n";
			showEnvVarsInLog = 0;
		};
		2DA79767B91E2BA86AEAF3C4 /* [CP] Embed Pods Frameworks */ = {
			isa = PBXShellScriptBuildPhase;
			buildActionMask = 2147483647;
			files = (
			);
			inputPaths = (
			);
			name = "[CP] Embed Pods Frameworks";
			outputPaths = (
			);
			runOnlyForDeploymentPostprocessing = 0;
			shellPath = /bin/sh;
			shellScript = "\"${SRCROOT}/Pods/Target Support Files/Pods-Ness Coding Test/Pods-Ness Coding Test-frameworks.sh\"\n";
			showEnvVarsInLog = 0;
		};
		57F02B03AF596A3483528405 /* [CP] Embed Pods Frameworks */ = {
			isa = PBXShellScriptBuildPhase;
			buildActionMask = 2147483647;
			files = (
			);
			inputPaths = (
			);
			name = "[CP] Embed Pods Frameworks";
			outputPaths = (
			);
			runOnlyForDeploymentPostprocessing = 0;
			shellPath = /bin/sh;
			shellScript = "\"${SRCROOT}/Pods/Target Support Files/Pods-Ness Coding TestUITests/Pods-Ness Coding TestUITests-frameworks.sh\"\n";
			showEnvVarsInLog = 0;
		};
		6DBBCB9BDAF9F038F6523287 /* [CP] Check Pods Manifest.lock */ = {
			isa = PBXShellScriptBuildPhase;
			buildActionMask = 2147483647;
			files = (
			);
			inputPaths = (
			);
			name = "[CP] Check Pods Manifest.lock";
			outputPaths = (
			);
			runOnlyForDeploymentPostprocessing = 0;
			shellPath = /bin/sh;
			shellScript = "diff \"${PODS_ROOT}/../Podfile.lock\" \"${PODS_ROOT}/Manifest.lock\" > /dev/null\nif [ $? != 0 ] ; then\n    # print error to STDERR\n    echo \"error: The sandbox is not in sync with the Podfile.lock. Run 'pod install' or update your CocoaPods installation.\" >&2\n    exit 1\nfi\n";
			showEnvVarsInLog = 0;
		};
		71B516BAC76D67F1EA0A50AA /* [CP] Copy Pods Resources */ = {
			isa = PBXShellScriptBuildPhase;
			buildActionMask = 2147483647;
			files = (
			);
			inputPaths = (
			);
			name = "[CP] Copy Pods Resources";
			outputPaths = (
			);
			runOnlyForDeploymentPostprocessing = 0;
			shellPath = /bin/sh;
			shellScript = "\"${SRCROOT}/Pods/Target Support Files/Pods-Ness Coding TestUITests/Pods-Ness Coding TestUITests-resources.sh\"\n";
			showEnvVarsInLog = 0;
		};
		7692768650C0E0DBF7115209 /* [CP] Copy Pods Resources */ = {
			isa = PBXShellScriptBuildPhase;
			buildActionMask = 2147483647;
			files = (
			);
			inputPaths = (
			);
			name = "[CP] Copy Pods Resources";
			outputPaths = (
			);
			runOnlyForDeploymentPostprocessing = 0;
			shellPath = /bin/sh;
			shellScript = "\"${SRCROOT}/Pods/Target Support Files/Pods-Ness Coding TestTests/Pods-Ness Coding TestTests-resources.sh\"\n";
			showEnvVarsInLog = 0;
		};
		96162DD29835AC2D73BCDB06 /* [CP] Check Pods Manifest.lock */ = {
			isa = PBXShellScriptBuildPhase;
			buildActionMask = 2147483647;
			files = (
			);
			inputPaths = (
			);
			name = "[CP] Check Pods Manifest.lock";
			outputPaths = (
			);
			runOnlyForDeploymentPostprocessing = 0;
			shellPath = /bin/sh;
			shellScript = "diff \"${PODS_ROOT}/../Podfile.lock\" \"${PODS_ROOT}/Manifest.lock\" > /dev/null\nif [ $? != 0 ] ; then\n    # print error to STDERR\n    echo \"error: The sandbox is not in sync with the Podfile.lock. Run 'pod install' or update your CocoaPods installation.\" >&2\n    exit 1\nfi\n";
			showEnvVarsInLog = 0;
		};
/* End PBXShellScriptBuildPhase section */

/* Begin PBXSourcesBuildPhase section */
		5160DA8C1F32834900373FEF /* Sources */ = {
			isa = PBXSourcesBuildPhase;
			buildActionMask = 2147483647;
			files = (
				5160DA9C1F32834900373FEF /* Ness_Coding_Test.xcdatamodeld in Sources */,
				5160DACC1F32880600373FEF /* PersonsListViewController.swift in Sources */,
				5160DA961F32834900373FEF /* FetchViewController.swift in Sources */,
				5160DAC81F32859C00373FEF /* PersonProfile.swift in Sources */,
				5160DA941F32834900373FEF /* AppDelegate.swift in Sources */,
				5160DACA1F32870D00373FEF /* ProfileViewModel.swift in Sources */,
			);
			runOnlyForDeploymentPostprocessing = 0;
		};
		5160DAA31F32834900373FEF /* Sources */ = {
			isa = PBXSourcesBuildPhase;
			buildActionMask = 2147483647;
			files = (
				5160DAAC1F32834900373FEF /* Ness_Coding_TestTests.swift in Sources */,
			);
			runOnlyForDeploymentPostprocessing = 0;
		};
		5160DAAE1F32834900373FEF /* Sources */ = {
			isa = PBXSourcesBuildPhase;
			buildActionMask = 2147483647;
			files = (
				5160DAB71F32834900373FEF /* Ness_Coding_TestUITests.swift in Sources */,
			);
			runOnlyForDeploymentPostprocessing = 0;
		};
/* End PBXSourcesBuildPhase section */

/* Begin PBXTargetDependency section */
		5160DAA91F32834900373FEF /* PBXTargetDependency */ = {
			isa = PBXTargetDependency;
			target = 5160DA8F1F32834900373FEF /* Ness Coding Test */;
			targetProxy = 5160DAA81F32834900373FEF /* PBXContainerItemProxy */;
		};
		5160DAB41F32834900373FEF /* PBXTargetDependency */ = {
			isa = PBXTargetDependency;
			target = 5160DA8F1F32834900373FEF /* Ness Coding Test */;
			targetProxy = 5160DAB31F32834900373FEF /* PBXContainerItemProxy */;
		};
/* End PBXTargetDependency section */

/* Begin PBXVariantGroup section */
		5160DA971F32834900373FEF /* Main.storyboard */ = {
			isa = PBXVariantGroup;
			children = (
				5160DA981F32834900373FEF /* Base */,
			);
			name = Main.storyboard;
			sourceTree = "<group>";
		};
		5160DA9F1F32834900373FEF /* LaunchScreen.storyboard */ = {
			isa = PBXVariantGroup;
			children = (
				5160DAA01F32834900373FEF /* Base */,
			);
			name = LaunchScreen.storyboard;
			sourceTree = "<group>";
		};
/* End PBXVariantGroup section */

/* Begin XCBuildConfiguration section */
		5160DAB91F32834900373FEF /* Debug */ = {
			isa = XCBuildConfiguration;
			buildSettings = {
				ALWAYS_SEARCH_USER_PATHS = NO;
				CLANG_ANALYZER_NONNULL = YES;
				CLANG_ANALYZER_NUMBER_OBJECT_CONVERSION = YES_AGGRESSIVE;
				CLANG_CXX_LANGUAGE_STANDARD = "gnu++0x";
				CLANG_CXX_LIBRARY = "libc++";
				CLANG_ENABLE_MODULES = YES;
				CLANG_ENABLE_OBJC_ARC = YES;
				CLANG_WARN_BOOL_CONVERSION = YES;
				CLANG_WARN_CONSTANT_CONVERSION = YES;
				CLANG_WARN_DIRECT_OBJC_ISA_USAGE = YES_ERROR;
				CLANG_WARN_DOCUMENTATION_COMMENTS = YES;
				CLANG_WARN_EMPTY_BODY = YES;
				CLANG_WARN_ENUM_CONVERSION = YES;
				CLANG_WARN_INFINITE_RECURSION = YES;
				CLANG_WARN_INT_CONVERSION = YES;
				CLANG_WARN_OBJC_ROOT_CLASS = YES_ERROR;
				CLANG_WARN_SUSPICIOUS_MOVE = YES;
				CLANG_WARN_UNREACHABLE_CODE = YES;
				CLANG_WARN__DUPLICATE_METHOD_MATCH = YES;
				"CODE_SIGN_IDENTITY[sdk=iphoneos*]" = "iPhone Developer";
				COPY_PHASE_STRIP = NO;
				DEBUG_INFORMATION_FORMAT = dwarf;
				ENABLE_STRICT_OBJC_MSGSEND = YES;
				ENABLE_TESTABILITY = YES;
				GCC_C_LANGUAGE_STANDARD = gnu99;
				GCC_DYNAMIC_NO_PIC = NO;
				GCC_NO_COMMON_BLOCKS = YES;
				GCC_OPTIMIZATION_LEVEL = 0;
				GCC_PREPROCESSOR_DEFINITIONS = (
					"DEBUG=1",
					"$(inherited)",
				);
				GCC_WARN_64_TO_32_BIT_CONVERSION = YES;
				GCC_WARN_ABOUT_RETURN_TYPE = YES_ERROR;
				GCC_WARN_UNDECLARED_SELECTOR = YES;
				GCC_WARN_UNINITIALIZED_AUTOS = YES_AGGRESSIVE;
				GCC_WARN_UNUSED_FUNCTION = YES;
				GCC_WARN_UNUSED_VARIABLE = YES;
				IPHONEOS_DEPLOYMENT_TARGET = 10.3;
				MTL_ENABLE_DEBUG_INFO = YES;
				ONLY_ACTIVE_ARCH = YES;
				SDKROOT = iphoneos;
				SWIFT_ACTIVE_COMPILATION_CONDITIONS = DEBUG;
				SWIFT_OPTIMIZATION_LEVEL = "-Onone";
			};
			name = Debug;
		};
		5160DABA1F32834900373FEF /* Release */ = {
			isa = XCBuildConfiguration;
			buildSettings = {
				ALWAYS_SEARCH_USER_PATHS = NO;
				CLANG_ANALYZER_NONNULL = YES;
				CLANG_ANALYZER_NUMBER_OBJECT_CONVERSION = YES_AGGRESSIVE;
				CLANG_CXX_LANGUAGE_STANDARD = "gnu++0x";
				CLANG_CXX_LIBRARY = "libc++";
				CLANG_ENABLE_MODULES = YES;
				CLANG_ENABLE_OBJC_ARC = YES;
				CLANG_WARN_BOOL_CONVERSION = YES;
				CLANG_WARN_CONSTANT_CONVERSION = YES;
				CLANG_WARN_DIRECT_OBJC_ISA_USAGE = YES_ERROR;
				CLANG_WARN_DOCUMENTATION_COMMENTS = YES;
				CLANG_WARN_EMPTY_BODY = YES;
				CLANG_WARN_ENUM_CONVERSION = YES;
				CLANG_WARN_INFINITE_RECURSION = YES;
				CLANG_WARN_INT_CONVERSION = YES;
				CLANG_WARN_OBJC_ROOT_CLASS = YES_ERROR;
				CLANG_WARN_SUSPICIOUS_MOVE = YES;
				CLANG_WARN_UNREACHABLE_CODE = YES;
				CLANG_WARN__DUPLICATE_METHOD_MATCH = YES;
				"CODE_SIGN_IDENTITY[sdk=iphoneos*]" = "iPhone Developer";
				COPY_PHASE_STRIP = NO;
				DEBUG_INFORMATION_FORMAT = "dwarf-with-dsym";
				ENABLE_NS_ASSERTIONS = NO;
				ENABLE_STRICT_OBJC_MSGSEND = YES;
				GCC_C_LANGUAGE_STANDARD = gnu99;
				GCC_NO_COMMON_BLOCKS = YES;
				GCC_WARN_64_TO_32_BIT_CONVERSION = YES;
				GCC_WARN_ABOUT_RETURN_TYPE = YES_ERROR;
				GCC_WARN_UNDECLARED_SELECTOR = YES;
				GCC_WARN_UNINITIALIZED_AUTOS = YES_AGGRESSIVE;
				GCC_WARN_UNUSED_FUNCTION = YES;
				GCC_WARN_UNUSED_VARIABLE = YES;
				IPHONEOS_DEPLOYMENT_TARGET = 10.3;
				MTL_ENABLE_DEBUG_INFO = NO;
				SDKROOT = iphoneos;
				SWIFT_OPTIMIZATION_LEVEL = "-Owholemodule";
				VALIDATE_PRODUCT = YES;
			};
			name = Release;
		};
		5160DABC1F32834900373FEF /* Debug */ = {
			isa = XCBuildConfiguration;
			baseConfigurationReference = 04E67E780500D7C70D3CB3B2 /* Pods-Ness Coding Test.debug.xcconfig */;
			buildSettings = {
				ASSETCATALOG_COMPILER_APPICON_NAME = AppIcon;
				DEVELOPMENT_TEAM = KCK9TD9947;
				INFOPLIST_FILE = "Ness Coding Test/Info.plist";
				IPHONEOS_DEPLOYMENT_TARGET = 10.0;
				LD_RUNPATH_SEARCH_PATHS = "$(inherited) @executable_path/Frameworks";
				PRODUCT_BUNDLE_IDENTIFIER = "org.vignan.Ness-Coding-Test";
				PRODUCT_NAME = "$(TARGET_NAME)";
				SWIFT_VERSION = 3.0;
			};
			name = Debug;
		};
		5160DABD1F32834900373FEF /* Release */ = {
			isa = XCBuildConfiguration;
			baseConfigurationReference = 0678B8C2AFDD063022A89A36 /* Pods-Ness Coding Test.release.xcconfig */;
			buildSettings = {
				ASSETCATALOG_COMPILER_APPICON_NAME = AppIcon;
				DEVELOPMENT_TEAM = KCK9TD9947;
				INFOPLIST_FILE = "Ness Coding Test/Info.plist";
				IPHONEOS_DEPLOYMENT_TARGET = 10.0;
				LD_RUNPATH_SEARCH_PATHS = "$(inherited) @executable_path/Frameworks";
				PRODUCT_BUNDLE_IDENTIFIER = "org.vignan.Ness-Coding-Test";
				PRODUCT_NAME = "$(TARGET_NAME)";
				SWIFT_VERSION = 3.0;
			};
			name = Release;
		};
		5160DABF1F32834900373FEF /* Debug */ = {
			isa = XCBuildConfiguration;
			baseConfigurationReference = 00A19FB608E6E5B2324979C5 /* Pods-Ness Coding TestTests.debug.xcconfig */;
			buildSettings = {
				ALWAYS_EMBED_SWIFT_STANDARD_LIBRARIES = YES;
				BUNDLE_LOADER = "$(TEST_HOST)";
				DEVELOPMENT_TEAM = KCK9TD9947;
				INFOPLIST_FILE = "Ness Coding TestTests/Info.plist";
				LD_RUNPATH_SEARCH_PATHS = "$(inherited) @executable_path/Frameworks @loader_path/Frameworks";
				PRODUCT_BUNDLE_IDENTIFIER = "org.sankati.Ness-Coding-TestTests";
				PRODUCT_NAME = "$(TARGET_NAME)";
				SWIFT_VERSION = 3.0;
				TEST_HOST = "$(BUILT_PRODUCTS_DIR)/Ness Coding Test.app/Ness Coding Test";
			};
			name = Debug;
		};
		5160DAC01F32834900373FEF /* Release */ = {
			isa = XCBuildConfiguration;
			baseConfigurationReference = 9FEE9290D596E99D478E10BA /* Pods-Ness Coding TestTests.release.xcconfig */;
			buildSettings = {
				ALWAYS_EMBED_SWIFT_STANDARD_LIBRARIES = YES;
				BUNDLE_LOADER = "$(TEST_HOST)";
				DEVELOPMENT_TEAM = KCK9TD9947;
				INFOPLIST_FILE = "Ness Coding TestTests/Info.plist";
				LD_RUNPATH_SEARCH_PATHS = "$(inherited) @executable_path/Frameworks @loader_path/Frameworks";
				PRODUCT_BUNDLE_IDENTIFIER = "org.sankati.Ness-Coding-TestTests";
				PRODUCT_NAME = "$(TARGET_NAME)";
				SWIFT_VERSION = 3.0;
				TEST_HOST = "$(BUILT_PRODUCTS_DIR)/Ness Coding Test.app/Ness Coding Test";
			};
			name = Release;
		};
		5160DAC21F32834900373FEF /* Debug */ = {
			isa = XCBuildConfiguration;
			baseConfigurationReference = BA479A5AAFD12CEE496DC876 /* Pods-Ness Coding TestUITests.debug.xcconfig */;
			buildSettings = {
				ALWAYS_EMBED_SWIFT_STANDARD_LIBRARIES = YES;
				DEVELOPMENT_TEAM = KCK9TD9947;
				INFOPLIST_FILE = "Ness Coding TestUITests/Info.plist";
				LD_RUNPATH_SEARCH_PATHS = "$(inherited) @executable_path/Frameworks @loader_path/Frameworks";
				PRODUCT_BUNDLE_IDENTIFIER = "org.sankati.Ness-Coding-TestUITests";
				PRODUCT_NAME = "$(TARGET_NAME)";
				SWIFT_VERSION = 3.0;
				TEST_TARGET_NAME = "Ness Coding Test";
			};
			name = Debug;
		};
		5160DAC31F32834900373FEF /* Release */ = {
			isa = XCBuildConfiguration;
			baseConfigurationReference = FA564C8AC0D2BA87F5E69A49 /* Pods-Ness Coding TestUITests.release.xcconfig */;
			buildSettings = {
				ALWAYS_EMBED_SWIFT_STANDARD_LIBRARIES = YES;
				DEVELOPMENT_TEAM = KCK9TD9947;
				INFOPLIST_FILE = "Ness Coding TestUITests/Info.plist";
				LD_RUNPATH_SEARCH_PATHS = "$(inherited) @executable_path/Frameworks @loader_path/Frameworks";
				PRODUCT_BUNDLE_IDENTIFIER = "org.sankati.Ness-Coding-TestUITests";
				PRODUCT_NAME = "$(TARGET_NAME)";
				SWIFT_VERSION = 3.0;
				TEST_TARGET_NAME = "Ness Coding Test";
			};
			name = Release;
		};
/* End XCBuildConfiguration section */

/* Begin XCConfigurationList section */
		5160DA8B1F32834900373FEF /* Build configuration list for PBXProject "Ness Coding Test" */ = {
			isa = XCConfigurationList;
			buildConfigurations = (
				5160DAB91F32834900373FEF /* Debug */,
				5160DABA1F32834900373FEF /* Release */,
			);
			defaultConfigurationIsVisible = 0;
			defaultConfigurationName = Release;
		};
		5160DABB1F32834900373FEF /* Build configuration list for PBXNativeTarget "Ness Coding Test" */ = {
			isa = XCConfigurationList;
			buildConfigurations = (
				5160DABC1F32834900373FEF /* Debug */,
				5160DABD1F32834900373FEF /* Release */,
			);
			defaultConfigurationIsVisible = 0;
		};
		5160DABE1F32834900373FEF /* Build configuration list for PBXNativeTarget "Ness Coding TestTests" */ = {
			isa = XCConfigurationList;
			buildConfigurations = (
				5160DABF1F32834900373FEF /* Debug */,
				5160DAC01F32834900373FEF /* Release */,
			);
			defaultConfigurationIsVisible = 0;
		};
		5160DAC11F32834900373FEF /* Build configuration list for PBXNativeTarget "Ness Coding TestUITests" */ = {
			isa = XCConfigurationList;
			buildConfigurations = (
				5160DAC21F32834900373FEF /* Debug */,
				5160DAC31F32834900373FEF /* Release */,
			);
			defaultConfigurationIsVisible = 0;
		};
/* End XCConfigurationList section */

/* Begin XCVersionGroup section */
		5160DA9A1F32834900373FEF /* Ness_Coding_Test.xcdatamodeld */ = {
			isa = XCVersionGroup;
			children = (
				5160DA9B1F32834900373FEF /* Ness_Coding_Test.xcdatamodel */,
			);
			currentVersion = 5160DA9B1F32834900373FEF /* Ness_Coding_Test.xcdatamodel */;
			path = Ness_Coding_Test.xcdatamodeld;
			sourceTree = "<group>";
			versionGroupType = wrapper.xcdatamodel;
		};
/* End XCVersionGroup section */
	};
	rootObject = 5160DA881F32834900373FEF /* Project object */;
}
